// !$*UTF8*$!
{
	archiveVersion = 1;
	classes = {
	};
	objectVersion = 46;
	objects = {

/* Begin PBXGroup section */
		B5B89DE81AD3AA88004BB646 = {
			isa = PBXGroup;
			children = (
			);
			sourceTree = "<group>";
		};
/* End PBXGroup section */

/* Begin PBXProject section */
		B5B89DE91AD3AA88004BB646 /* Project object */ = {
			isa = PBXProject;
			attributes = {
				LastUpgradeCheck = 0620;
			};
			buildConfigurationList = B5B89DEC1AD3AA88004BB646 /* Build configuration list for PBXProject "cpe102projectX" */;
			compatibilityVersion = "Xcode 3.2";
			developmentRegion = English;
			hasScannedForEncodings = 0;
			knownRegions = (
				en,
			);
			mainGroup = B5B89DE81AD3AA88004BB646;
			projectDirPath = "";
			projectRoot = "";
			targets = (
			);
		};
/* End PBXProject section */

/* Begin XCBuildConfiguration section */
		B5B89DED1AD3AA88004BB646 /* Debug */ = {
			isa = XCBuildConfiguration;
			buildSettings = {
			};
			name = Debug;
		};
		B5B89DEE1AD3AA88004BB646 /* Release */ = {
			isa = XCBuildConfiguration;
			buildSettings = {
			};
			name = Release;
		};
/* End XCBuildConfiguration section */

/* Begin XCConfigurationList section */
		B5B89DEC1AD3AA88004BB646 /* Build configuration list for PBXProject "cpe102projectX" */ = {
			isa = XCConfigurationList;
			buildConfigurations = (
				B5B89DED1AD3AA88004BB646 /* Debug */,
				B5B89DEE1AD3AA88004BB646 /* Release */,
			);
			defaultConfigurationIsVisible = 0;
			defaultConfigurationName = Release;
		};
/* End XCConfigurationList section */
	};
	rootObject = B5B89DE91AD3AA88004BB646 /* Project object */;
}
