// !$*UTF8*$!
{
	archiveVersion = 1;
	classes = {
	};
	objectVersion = 46;
	objects = {

/* Begin PBXFileReference section */
		B5059C211AF808A90043B1B3 /* Miner.java */ = {isa = PBXFileReference; lastKnownFileType = sourcecode.java; lineEnding = 0; path = Miner.java; sourceTree = "<group>"; xcLanguageSpecificationIdentifier = xcode.lang.java; };
		B5059C221AF80B440043B1B3 /* MinerNotFull.java */ = {isa = PBXFileReference; lastKnownFileType = sourcecode.java; lineEnding = 0; path = MinerNotFull.java; sourceTree = "<group>"; xcLanguageSpecificationIdentifier = xcode.lang.java; };
		B5059C231AF811350043B1B3 /* MinerFull.java */ = {isa = PBXFileReference; lastKnownFileType = sourcecode.java; lineEnding = 0; path = MinerFull.java; sourceTree = "<group>"; xcLanguageSpecificationIdentifier = xcode.lang.java; };
		B5059C241AF8733E0043B1B3 /* EntInt.java */ = {isa = PBXFileReference; lastKnownFileType = sourcecode.java; path = EntInt.java; sourceTree = "<group>"; };
		B505CD7D1AEEB3BE0017FE17 /* TwoTuple.java */ = {isa = PBXFileReference; lastKnownFileType = sourcecode.java; path = TwoTuple.java; sourceTree = "<group>"; };
		B557AEDF1AF840D30049BC4D /* EasyList.java */ = {isa = PBXFileReference; lastKnownFileType = sourcecode.java; path = EasyList.java; sourceTree = "<group>"; };
		B570770E1AF44EDD00E63066 /* Ore.java */ = {isa = PBXFileReference; lastKnownFileType = sourcecode.java; lineEnding = 0; path = Ore.java; sourceTree = "<group>"; xcLanguageSpecificationIdentifier = xcode.lang.java; };
		B570770F1AF44FF900E63066 /* OreBlob.java */ = {isa = PBXFileReference; lastKnownFileType = sourcecode.java; lineEnding = 0; path = OreBlob.java; sourceTree = "<group>"; xcLanguageSpecificationIdentifier = xcode.lang.java; };
		B57077101AF452CA00E63066 /* Sign.java */ = {isa = PBXFileReference; lastKnownFileType = sourcecode.java; path = Sign.java; sourceTree = "<group>"; };
		B57077111AF4582000E63066 /* Quake.java */ = {isa = PBXFileReference; lastKnownFileType = sourcecode.java; lineEnding = 0; path = Quake.java; sourceTree = "<group>"; xcLanguageSpecificationIdentifier = xcode.lang.java; };
		B57077121AF4596C00E63066 /* ResourceEntity.java */ = {isa = PBXFileReference; lastKnownFileType = sourcecode.java; lineEnding = 0; path = ResourceEntity.java; sourceTree = "<group>"; xcLanguageSpecificationIdentifier = xcode.lang.java; };
		B57077131AF45B2A00E63066 /* Blacksmith.java */ = {isa = PBXFileReference; lastKnownFileType = sourcecode.java; lineEnding = 0; path = Blacksmith.java; sourceTree = "<group>"; xcLanguageSpecificationIdentifier = xcode.lang.java; };
		B577B3121B0049E40010FD54 /* SaveLoad.java */ = {isa = PBXFileReference; lastKnownFileType = sourcecode.java; lineEnding = 0; path = SaveLoad.java; sourceTree = "<group>"; xcLanguageSpecificationIdentifier = xcode.lang.java; };
		B57A147C1AFD41C100EC9FA8 /* ProcessWorld.java */ = {isa = PBXFileReference; lastKnownFileType = sourcecode.java; path = ProcessWorld.java; sourceTree = "<group>"; };
		B5887BF01AEB5BAB00867E49 /* Entity.java */ = {isa = PBXFileReference; lastKnownFileType = sourcecode.java; path = Entity.java; sourceTree = "<group>"; };
		B5887BF11AEB62F900867E49 /* Point.java */ = {isa = PBXFileReference; lastKnownFileType = sourcecode.java; path = Point.java; sourceTree = "<group>"; };
		B5887BF41AEB6D6600867E49 /* Background.java */ = {isa = PBXFileReference; lastKnownFileType = sourcecode.java; path = Background.java; sourceTree = "<group>"; };
		B5887BF51AEB6D9000867E49 /* PositionedEntity.java */ = {isa = PBXFileReference; lastKnownFileType = sourcecode.java; path = PositionedEntity.java; sourceTree = "<group>"; };
		B5887BF61AEB6DB400867E49 /* Obstacle.java */ = {isa = PBXFileReference; lastKnownFileType = sourcecode.java; path = Obstacle.java; sourceTree = "<group>"; };
		B5887BF71AEC3B1000867E49 /* ActionedEntity.java */ = {isa = PBXFileReference; lastKnownFileType = sourcecode.java; lineEnding = 0; path = ActionedEntity.java; sourceTree = "<group>"; xcLanguageSpecificationIdentifier = xcode.lang.java; };
		B5887BF81AEC3C7A00867E49 /* Vein.java */ = {isa = PBXFileReference; lastKnownFileType = sourcecode.java; lineEnding = 0; path = Vein.java; sourceTree = "<group>"; xcLanguageSpecificationIdentifier = xcode.lang.java; };
		B5887BF91AEC3E7C00867E49 /* WorldModel.java */ = {isa = PBXFileReference; lastKnownFileType = sourcecode.java; path = WorldModel.java; sourceTree = "<group>"; };
		B5887BFA1AEC3F0600867E49 /* OccGrid.java */ = {isa = PBXFileReference; lastKnownFileType = sourcecode.java; path = OccGrid.java; sourceTree = "<group>"; };
		B5B89DF81AD3AAAA004BB646 /* gaia.sav */ = {isa = PBXFileReference; lastKnownFileType = text; path = gaia.sav; sourceTree = "<group>"; };
		B5FB20711B01B7F90037B087 /* images */ = {isa = PBXFileReference; lastKnownFileType = folder; path = images; sourceTree = "<group>"; };
		B5FB20721B03D32E0037B087 /* Animations.java */ = {isa = PBXFileReference; lastKnownFileType = sourcecode.java; path = Animations.java; sourceTree = "<group>"; };
		B5FB20751B044C7A0037B087 /* Actions.java */ = {isa = PBXFileReference; lastKnownFileType = sourcecode.java; path = Actions.java; sourceTree = "<group>"; };
		B5FB20761B04664D0037B087 /* ScheduledAction.java */ = {isa = PBXFileReference; lastKnownFileType = sourcecode.java; path = ScheduledAction.java; sourceTree = "<group>"; };
		B5FB20771B0466D60037B087 /* Action.java */ = {isa = PBXFileReference; lastKnownFileType = sourcecode.java; path = Action.java; sourceTree = "<group>"; };
		B5FB20781B056E9B0037B087 /* RandomGen.java */ = {isa = PBXFileReference; lastKnownFileType = sourcecode.java; path = RandomGen.java; sourceTree = "<group>"; };
/* End PBXFileReference section */

/* Begin PBXGroup section */
		B5B89DE81AD3AA88004BB646 = {
			isa = PBXGroup;
			children = (
				B505CD7D1AEEB3BE0017FE17 /* TwoTuple.java */,
				B5059C241AF8733E0043B1B3 /* EntInt.java */,
				B557AEDF1AF840D30049BC4D /* EasyList.java */,
				B57077101AF452CA00E63066 /* Sign.java */,
				B5887BF11AEB62F900867E49 /* Point.java */,
				B5887BF91AEC3E7C00867E49 /* WorldModel.java */,
				B5887BFA1AEC3F0600867E49 /* OccGrid.java */,
				B5887BF01AEB5BAB00867E49 /* Entity.java */,
				B5887BF41AEB6D6600867E49 /* Background.java */,
				B5887BF51AEB6D9000867E49 /* PositionedEntity.java */,
				B5887BF61AEB6DB400867E49 /* Obstacle.java */,
				B5887BF71AEC3B1000867E49 /* ActionedEntity.java */,
				B5887BF81AEC3C7A00867E49 /* Vein.java */,
				B570770E1AF44EDD00E63066 /* Ore.java */,
				B57077111AF4582000E63066 /* Quake.java */,
				B570770F1AF44FF900E63066 /* OreBlob.java */,
				B57077121AF4596C00E63066 /* ResourceEntity.java */,
				B57077131AF45B2A00E63066 /* Blacksmith.java */,
				B5059C211AF808A90043B1B3 /* Miner.java */,
				B5059C221AF80B440043B1B3 /* MinerNotFull.java */,
				B5059C231AF811350043B1B3 /* MinerFull.java */,
				B5FB20781B056E9B0037B087 /* RandomGen.java */,
				B57A147C1AFD41C100EC9FA8 /* ProcessWorld.java */,
				B5FB20751B044C7A0037B087 /* Actions.java */,
				B5FB20761B04664D0037B087 /* ScheduledAction.java */,
				B5FB20771B0466D60037B087 /* Action.java */,
				B5FB20721B03D32E0037B087 /* Animations.java */,
				B577B3121B0049E40010FD54 /* SaveLoad.java */,
				B5B89DF81AD3AAAA004BB646 /* gaia.sav */,
				B5FB20711B01B7F90037B087 /* images */,
			);
			sourceTree = "<group>";
		};
/* End PBXGroup section */

/* Begin PBXProject section */
		B5B89DE91AD3AA88004BB646 /* Project object */ = {
			isa = PBXProject;
			attributes = {
				LastUpgradeCheck = 0620;
			};
			buildConfigurationList = B5B89DEC1AD3AA88004BB646 /* Build configuration list for PBXProject "cpe102projectX" */;
			compatibilityVersion = "Xcode 3.2";
			developmentRegion = English;
			hasScannedForEncodings = 0;
			knownRegions = (
				en,
			);
			mainGroup = B5B89DE81AD3AA88004BB646;
			projectDirPath = "";
			projectRoot = "";
			targets = (
			);
		};
/* End PBXProject section */

/* Begin XCBuildConfiguration section */
		B5B89DED1AD3AA88004BB646 /* Debug */ = {
			isa = XCBuildConfiguration;
			buildSettings = {
			};
			name = Debug;
		};
		B5B89DEE1AD3AA88004BB646 /* Release */ = {
			isa = XCBuildConfiguration;
			buildSettings = {
			};
			name = Release;
		};
/* End XCBuildConfiguration section */

/* Begin XCConfigurationList section */
		B5B89DEC1AD3AA88004BB646 /* Build configuration list for PBXProject "cpe102projectX" */ = {
			isa = XCConfigurationList;
			buildConfigurations = (
				B5B89DED1AD3AA88004BB646 /* Debug */,
				B5B89DEE1AD3AA88004BB646 /* Release */,
			);
			defaultConfigurationIsVisible = 0;
			defaultConfigurationName = Release;
		};
/* End XCConfigurationList section */
	};
	rootObject = B5B89DE91AD3AA88004BB646 /* Project object */;
}
